
Microsoft Visual Studio Solution File, Format Version 12.00
# Visual Studio 2012
Project("{F184B08F-C81C-45F6-A57F-5ABD9991F28F}") = "E-Billing_GAD", "E-Billing_GAD\E-Billing_GAD.vbproj", "{CCF1F46A-075D-425D-8CAF-8B469303EFC2}"
EndProject
Global
	GlobalSection(SolutionConfigurationPlatforms) = preSolution
		Debug|Any CPU = Debug|Any CPU
		Release|Any CPU = Release|Any CPU
	EndGlobalSection
	GlobalSection(ProjectConfigurationPlatforms) = postSolution
		{CCF1F46A-075D-425D-8CAF-8B469303EFC2}.Debug|Any CPU.ActiveCfg = Debug|Any CPU
		{CCF1F46A-075D-425D-8CAF-8B469303EFC2}.Debug|Any CPU.Build.0 = Debug|Any CPU
		{CCF1F46A-075D-425D-8CAF-8B469303EFC2}.Release|Any CPU.ActiveCfg = Release|Any CPU
		{CCF1F46A-075D-425D-8CAF-8B469303EFC2}.Release|Any CPU.Build.0 = Release|Any CPU
	EndGlobalSection
	GlobalSection(SolutionProperties) = preSolution
		HideSolutionNode = FALSE
	EndGlobalSection
EndGlobal
